
Microsoft Visual Studio Solution File, Format Version 12.00
# Visual Studio 14
VisualStudioVersion = 14.0.25123.0
MinimumVisualStudioVersion = 10.0.40219.1
Project("{FAE04EC0-301F-11D3-BF4B-00C04F79EFBC}") = "Apis", "ApiTestProject\Apis\Apis.csproj", "{7BDFDF0A-96E2-44B3-A94F-569DAEB64ECE}"
EndProject
Project("{FAE04EC0-301F-11D3-BF4B-00C04F79EFBC}") = "ApiClients", "ApiTestProject\ApiClients\ApiClients.csproj", "{F00979DA-7E8F-4967-8E2D-7FC3D25F2135}"
EndProject
Project("{FAE04EC0-301F-11D3-BF4B-00C04F79EFBC}") = "Contracts", "ApiTestProject\Contracts\Contracts.csproj", "{AF49C378-22B0-4CD9-A1B9-382140C9F0D9}"
EndProject
Project("{2150E333-8FDC-42A3-9474-1A3956D46DE8}") = "ApiTestProject", "ApiTestProject", "{D88E6D70-8712-4EAB-9B9D-B7406CDF43F9}"
EndProject
Project("{FAE04EC0-301F-11D3-BF4B-00C04F79EFBC}") = "DataAccessContracts", "ApiTestProject\DataAccessContracts\DataAccessContracts.csproj", "{936ACF08-89DB-4F2D-A6C4-321DDD1648AC}"
EndProject
Project("{FAE04EC0-301F-11D3-BF4B-00C04F79EFBC}") = "DataAccess", "ApiTestProject\DataAccess\DataAccess.csproj", "{2408588C-4FE3-4DED-81A1-E6C9C9174CA6}"
EndProject
Project("{FAE04EC0-301F-11D3-BF4B-00C04F79EFBC}") = "UnitTests", "ApiTestProject\UnitTests\UnitTests.csproj", "{9B10DB65-127C-48C2-B3D0-CAD24CA04824}"
EndProject
Project("{FAE04EC0-301F-11D3-BF4B-00C04F79EFBC}") = "IntegrationTests", "ApiTestProject\IntegrationTests\IntegrationTests.csproj", "{887AA15D-F92D-4E11-80BB-ADC37E2E3769}"
EndProject
Global
	GlobalSection(SolutionConfigurationPlatforms) = preSolution
		Debug|Any CPU = Debug|Any CPU
		Release|Any CPU = Release|Any CPU
	EndGlobalSection
	GlobalSection(ProjectConfigurationPlatforms) = postSolution
		{7BDFDF0A-96E2-44B3-A94F-569DAEB64ECE}.Debug|Any CPU.ActiveCfg = Debug|Any CPU
		{7BDFDF0A-96E2-44B3-A94F-569DAEB64ECE}.Debug|Any CPU.Build.0 = Debug|Any CPU
		{7BDFDF0A-96E2-44B3-A94F-569DAEB64ECE}.Release|Any CPU.ActiveCfg = Release|Any CPU
		{7BDFDF0A-96E2-44B3-A94F-569DAEB64ECE}.Release|Any CPU.Build.0 = Release|Any CPU
		{F00979DA-7E8F-4967-8E2D-7FC3D25F2135}.Debug|Any CPU.ActiveCfg = Debug|Any CPU
		{F00979DA-7E8F-4967-8E2D-7FC3D25F2135}.Debug|Any CPU.Build.0 = Debug|Any CPU
		{F00979DA-7E8F-4967-8E2D-7FC3D25F2135}.Release|Any CPU.ActiveCfg = Release|Any CPU
		{F00979DA-7E8F-4967-8E2D-7FC3D25F2135}.Release|Any CPU.Build.0 = Release|Any CPU
		{AF49C378-22B0-4CD9-A1B9-382140C9F0D9}.Debug|Any CPU.ActiveCfg = Debug|Any CPU
		{AF49C378-22B0-4CD9-A1B9-382140C9F0D9}.Debug|Any CPU.Build.0 = Debug|Any CPU
		{AF49C378-22B0-4CD9-A1B9-382140C9F0D9}.Release|Any CPU.ActiveCfg = Release|Any CPU
		{AF49C378-22B0-4CD9-A1B9-382140C9F0D9}.Release|Any CPU.Build.0 = Release|Any CPU
		{936ACF08-89DB-4F2D-A6C4-321DDD1648AC}.Debug|Any CPU.ActiveCfg = Debug|Any CPU
		{936ACF08-89DB-4F2D-A6C4-321DDD1648AC}.Debug|Any CPU.Build.0 = Debug|Any CPU
		{936ACF08-89DB-4F2D-A6C4-321DDD1648AC}.Release|Any CPU.ActiveCfg = Release|Any CPU
		{936ACF08-89DB-4F2D-A6C4-321DDD1648AC}.Release|Any CPU.Build.0 = Release|Any CPU
		{2408588C-4FE3-4DED-81A1-E6C9C9174CA6}.Debug|Any CPU.ActiveCfg = Debug|Any CPU
		{2408588C-4FE3-4DED-81A1-E6C9C9174CA6}.Debug|Any CPU.Build.0 = Debug|Any CPU
		{2408588C-4FE3-4DED-81A1-E6C9C9174CA6}.Release|Any CPU.ActiveCfg = Release|Any CPU
		{2408588C-4FE3-4DED-81A1-E6C9C9174CA6}.Release|Any CPU.Build.0 = Release|Any CPU
		{9B10DB65-127C-48C2-B3D0-CAD24CA04824}.Debug|Any CPU.ActiveCfg = Debug|Any CPU
		{9B10DB65-127C-48C2-B3D0-CAD24CA04824}.Debug|Any CPU.Build.0 = Debug|Any CPU
		{9B10DB65-127C-48C2-B3D0-CAD24CA04824}.Release|Any CPU.ActiveCfg = Release|Any CPU
		{9B10DB65-127C-48C2-B3D0-CAD24CA04824}.Release|Any CPU.Build.0 = Release|Any CPU
		{887AA15D-F92D-4E11-80BB-ADC37E2E3769}.Debug|Any CPU.ActiveCfg = Debug|Any CPU
		{887AA15D-F92D-4E11-80BB-ADC37E2E3769}.Debug|Any CPU.Build.0 = Debug|Any CPU
		{887AA15D-F92D-4E11-80BB-ADC37E2E3769}.Release|Any CPU.ActiveCfg = Release|Any CPU
		{887AA15D-F92D-4E11-80BB-ADC37E2E3769}.Release|Any CPU.Build.0 = Release|Any CPU
	EndGlobalSection
	GlobalSection(SolutionProperties) = preSolution
		HideSolutionNode = FALSE
	EndGlobalSection
	GlobalSection(NestedProjects) = preSolution
		{7BDFDF0A-96E2-44B3-A94F-569DAEB64ECE} = {D88E6D70-8712-4EAB-9B9D-B7406CDF43F9}
		{F00979DA-7E8F-4967-8E2D-7FC3D25F2135} = {D88E6D70-8712-4EAB-9B9D-B7406CDF43F9}
		{AF49C378-22B0-4CD9-A1B9-382140C9F0D9} = {D88E6D70-8712-4EAB-9B9D-B7406CDF43F9}
		{936ACF08-89DB-4F2D-A6C4-321DDD1648AC} = {D88E6D70-8712-4EAB-9B9D-B7406CDF43F9}
		{2408588C-4FE3-4DED-81A1-E6C9C9174CA6} = {D88E6D70-8712-4EAB-9B9D-B7406CDF43F9}
		{9B10DB65-127C-48C2-B3D0-CAD24CA04824} = {D88E6D70-8712-4EAB-9B9D-B7406CDF43F9}
		{887AA15D-F92D-4E11-80BB-ADC37E2E3769} = {D88E6D70-8712-4EAB-9B9D-B7406CDF43F9}
	EndGlobalSection
EndGlobal
