
Microsoft Visual Studio Solution File, Format Version 12.00
# Visual Studio 14
VisualStudioVersion = 14.0.25123.0
MinimumVisualStudioVersion = 10.0.40219.1
Project("{FAE04EC0-301F-11D3-BF4B-00C04F79EFBC}") = "TestApiProject.Apis", "ApiTestProject\Apis\TestApiProject.Apis.csproj", "{7BDFDF0A-96E2-44B3-A94F-569DAEB64ECE}"
EndProject
Project("{FAE04EC0-301F-11D3-BF4B-00C04F79EFBC}") = "TestApiProject.ApiClients", "ApiTestProject\ApiClients\TestApiProject.ApiClients.csproj", "{F00979DA-7E8F-4967-8E2D-7FC3D25F2135}"
EndProject
Project("{FAE04EC0-301F-11D3-BF4B-00C04F79EFBC}") = "TestApiProject.Contracts", "ApiTestProject\Contracts\TestApiProject.Contracts.csproj", "{AF49C378-22B0-4CD9-A1B9-382140C9F0D9}"
EndProject
Project("{2150E333-8FDC-42A3-9474-1A3956D46DE8}") = "ApiTestProject", "ApiTestProject", "{D88E6D70-8712-4EAB-9B9D-B7406CDF43F9}"
EndProject
Project("{FAE04EC0-301F-11D3-BF4B-00C04F79EFBC}") = "TestApiProject.DataAccessContracts", "ApiTestProject\DataAccessContracts\TestApiProject.DataAccessContracts.csproj", "{936ACF08-89DB-4F2D-A6C4-321DDD1648AC}"
EndProject
Project("{FAE04EC0-301F-11D3-BF4B-00C04F79EFBC}") = "TestApiProject.DataAccess", "ApiTestProject\DataAccess\TestApiProject.DataAccess.csproj", "{2408588C-4FE3-4DED-81A1-E6C9C9174CA6}"
EndProject
Project("{FAE04EC0-301F-11D3-BF4B-00C04F79EFBC}") = "TestApiProject.UnitTests", "ApiTestProject\UnitTests\TestApiProject.UnitTests.csproj", "{9B10DB65-127C-48C2-B3D0-CAD24CA04824}"
EndProject
Project("{FAE04EC0-301F-11D3-BF4B-00C04F79EFBC}") = "TestApiProject.IntegrationTests", "ApiTestProject\IntegrationTests\TestApiProject.IntegrationTests.csproj", "{887AA15D-F92D-4E11-80BB-ADC37E2E3769}"
	ProjectSection(ProjectDependencies) = postProject
		{936ACF08-89DB-4F2D-A6C4-321DDD1648AC} = {936ACF08-89DB-4F2D-A6C4-321DDD1648AC}
		{7BDFDF0A-96E2-44B3-A94F-569DAEB64ECE} = {7BDFDF0A-96E2-44B3-A94F-569DAEB64ECE}
		{BFD33B77-08B8-4FEC-9065-FE8A944E64D2} = {BFD33B77-08B8-4FEC-9065-FE8A944E64D2}
		{2408588C-4FE3-4DED-81A1-E6C9C9174CA6} = {2408588C-4FE3-4DED-81A1-E6C9C9174CA6}
	EndProjectSection
EndProject
Project("{FAE04EC0-301F-11D3-BF4B-00C04F79EFBC}") = "Clients.Apis", "Clients.Apis\Clients.Apis.csproj", "{BFD33B77-08B8-4FEC-9065-FE8A944E64D2}"
EndProject
Project("{FAE04EC0-301F-11D3-BF4B-00C04F79EFBC}") = "Contracts", "Contracts\Contracts.csproj", "{158C0B9A-B0C0-4436-8962-926C4FFB25FA}"
EndProject
Project("{FAE04EC0-301F-11D3-BF4B-00C04F79EFBC}") = "DataAccess.Contracts", "DataAccess.Contracts\DataAccess.Contracts.csproj", "{37630F58-AB43-4599-A0FB-8DE45C593B89}"
EndProject
Project("{FAE04EC0-301F-11D3-BF4B-00C04F79EFBC}") = "DataAccess", "DataAccess\DataAccess.csproj", "{67DBD66A-2EF8-4672-BE74-CE162CE8E097}"
EndProject
Project("{FAE04EC0-301F-11D3-BF4B-00C04F79EFBC}") = "UnitTests", "UnitTests\UnitTests.csproj", "{6B352DA7-CCB2-4132-BEFD-9F44EC614634}"
EndProject
Project("{FAE04EC0-301F-11D3-BF4B-00C04F79EFBC}") = "Data.Entity.UnitTesting", "Data.Entity.UnitTesting\Data.Entity.UnitTesting.csproj", "{BD593398-F60B-486E-8F5A-2F8586048E76}"
EndProject
Project("{FAE04EC0-301F-11D3-BF4B-00C04F79EFBC}") = "Data.Entity.Testing.Moqing", "Data.Entity.Testing.Moqing\Data.Entity.Testing.Moqing.csproj", "{F0C14A0E-2C99-48C7-92A6-6991B5CC505B}"
EndProject
Project("{FAE04EC0-301F-11D3-BF4B-00C04F79EFBC}") = "Web.Http", "Web.Http\Web.Http.csproj", "{F4B66720-0EAD-4094-98D9-0F76A0B8508D}"
EndProject
Project("{FAE04EC0-301F-11D3-BF4B-00C04F79EFBC}") = "Testing.DataGenerator", "Testing.DataGenerator\Testing.DataGenerator.csproj", "{70E58155-13FF-4A03-B3F1-A9A5ABCE19DF}"
EndProject
Project("{FAE04EC0-301F-11D3-BF4B-00C04F79EFBC}") = "Testing.SpecFlow", "Testing.SpecFlow\Testing.SpecFlow.csproj", "{3ED8D3A9-72BD-47C1-84A9-4EBB08648B92}"
EndProject
Project("{2150E333-8FDC-42A3-9474-1A3956D46DE8}") = "CodeAnalysis", "CodeAnalysis", "{B30070D4-D770-4C2B-A27C-8622F8A1CB07}"
	ProjectSection(SolutionItems) = preProject
		CodeAnalysis\BaseClassLibraries.ruleset = CodeAnalysis\BaseClassLibraries.ruleset
		CodeAnalysis\BaseClassLibraries.Tests.ruleset = CodeAnalysis\BaseClassLibraries.Tests.ruleset
		CodeAnalysis\BaseClassLibrariesDictionary.xml = CodeAnalysis\BaseClassLibrariesDictionary.xml
	EndProjectSection
EndProject
Global
	GlobalSection(SolutionConfigurationPlatforms) = preSolution
		Debug|Any CPU = Debug|Any CPU
		Release|Any CPU = Release|Any CPU
	EndGlobalSection
	GlobalSection(ProjectConfigurationPlatforms) = postSolution
		{7BDFDF0A-96E2-44B3-A94F-569DAEB64ECE}.Debug|Any CPU.ActiveCfg = Debug|Any CPU
		{7BDFDF0A-96E2-44B3-A94F-569DAEB64ECE}.Debug|Any CPU.Build.0 = Debug|Any CPU
		{7BDFDF0A-96E2-44B3-A94F-569DAEB64ECE}.Release|Any CPU.ActiveCfg = Release|Any CPU
		{7BDFDF0A-96E2-44B3-A94F-569DAEB64ECE}.Release|Any CPU.Build.0 = Release|Any CPU
		{F00979DA-7E8F-4967-8E2D-7FC3D25F2135}.Debug|Any CPU.ActiveCfg = Debug|Any CPU
		{F00979DA-7E8F-4967-8E2D-7FC3D25F2135}.Debug|Any CPU.Build.0 = Debug|Any CPU
		{F00979DA-7E8F-4967-8E2D-7FC3D25F2135}.Release|Any CPU.ActiveCfg = Release|Any CPU
		{F00979DA-7E8F-4967-8E2D-7FC3D25F2135}.Release|Any CPU.Build.0 = Release|Any CPU
		{AF49C378-22B0-4CD9-A1B9-382140C9F0D9}.Debug|Any CPU.ActiveCfg = Debug|Any CPU
		{AF49C378-22B0-4CD9-A1B9-382140C9F0D9}.Debug|Any CPU.Build.0 = Debug|Any CPU
		{AF49C378-22B0-4CD9-A1B9-382140C9F0D9}.Release|Any CPU.ActiveCfg = Release|Any CPU
		{AF49C378-22B0-4CD9-A1B9-382140C9F0D9}.Release|Any CPU.Build.0 = Release|Any CPU
		{936ACF08-89DB-4F2D-A6C4-321DDD1648AC}.Debug|Any CPU.ActiveCfg = Debug|Any CPU
		{936ACF08-89DB-4F2D-A6C4-321DDD1648AC}.Debug|Any CPU.Build.0 = Debug|Any CPU
		{936ACF08-89DB-4F2D-A6C4-321DDD1648AC}.Release|Any CPU.ActiveCfg = Release|Any CPU
		{936ACF08-89DB-4F2D-A6C4-321DDD1648AC}.Release|Any CPU.Build.0 = Release|Any CPU
		{2408588C-4FE3-4DED-81A1-E6C9C9174CA6}.Debug|Any CPU.ActiveCfg = Debug|Any CPU
		{2408588C-4FE3-4DED-81A1-E6C9C9174CA6}.Debug|Any CPU.Build.0 = Debug|Any CPU
		{2408588C-4FE3-4DED-81A1-E6C9C9174CA6}.Release|Any CPU.ActiveCfg = Release|Any CPU
		{2408588C-4FE3-4DED-81A1-E6C9C9174CA6}.Release|Any CPU.Build.0 = Release|Any CPU
		{9B10DB65-127C-48C2-B3D0-CAD24CA04824}.Debug|Any CPU.ActiveCfg = Debug|Any CPU
		{9B10DB65-127C-48C2-B3D0-CAD24CA04824}.Debug|Any CPU.Build.0 = Debug|Any CPU
		{9B10DB65-127C-48C2-B3D0-CAD24CA04824}.Release|Any CPU.ActiveCfg = Release|Any CPU
		{9B10DB65-127C-48C2-B3D0-CAD24CA04824}.Release|Any CPU.Build.0 = Release|Any CPU
		{887AA15D-F92D-4E11-80BB-ADC37E2E3769}.Debug|Any CPU.ActiveCfg = Debug|Any CPU
		{887AA15D-F92D-4E11-80BB-ADC37E2E3769}.Debug|Any CPU.Build.0 = Debug|Any CPU
		{887AA15D-F92D-4E11-80BB-ADC37E2E3769}.Release|Any CPU.ActiveCfg = Release|Any CPU
		{887AA15D-F92D-4E11-80BB-ADC37E2E3769}.Release|Any CPU.Build.0 = Release|Any CPU
		{BFD33B77-08B8-4FEC-9065-FE8A944E64D2}.Debug|Any CPU.ActiveCfg = Debug|Any CPU
		{BFD33B77-08B8-4FEC-9065-FE8A944E64D2}.Debug|Any CPU.Build.0 = Debug|Any CPU
		{BFD33B77-08B8-4FEC-9065-FE8A944E64D2}.Release|Any CPU.ActiveCfg = Release|Any CPU
		{BFD33B77-08B8-4FEC-9065-FE8A944E64D2}.Release|Any CPU.Build.0 = Release|Any CPU
		{158C0B9A-B0C0-4436-8962-926C4FFB25FA}.Debug|Any CPU.ActiveCfg = Debug|Any CPU
		{158C0B9A-B0C0-4436-8962-926C4FFB25FA}.Debug|Any CPU.Build.0 = Debug|Any CPU
		{158C0B9A-B0C0-4436-8962-926C4FFB25FA}.Release|Any CPU.ActiveCfg = Release|Any CPU
		{158C0B9A-B0C0-4436-8962-926C4FFB25FA}.Release|Any CPU.Build.0 = Release|Any CPU
		{37630F58-AB43-4599-A0FB-8DE45C593B89}.Debug|Any CPU.ActiveCfg = Debug|Any CPU
		{37630F58-AB43-4599-A0FB-8DE45C593B89}.Debug|Any CPU.Build.0 = Debug|Any CPU
		{37630F58-AB43-4599-A0FB-8DE45C593B89}.Release|Any CPU.ActiveCfg = Release|Any CPU
		{37630F58-AB43-4599-A0FB-8DE45C593B89}.Release|Any CPU.Build.0 = Release|Any CPU
		{67DBD66A-2EF8-4672-BE74-CE162CE8E097}.Debug|Any CPU.ActiveCfg = Debug|Any CPU
		{67DBD66A-2EF8-4672-BE74-CE162CE8E097}.Debug|Any CPU.Build.0 = Debug|Any CPU
		{67DBD66A-2EF8-4672-BE74-CE162CE8E097}.Release|Any CPU.ActiveCfg = Release|Any CPU
		{67DBD66A-2EF8-4672-BE74-CE162CE8E097}.Release|Any CPU.Build.0 = Release|Any CPU
		{6B352DA7-CCB2-4132-BEFD-9F44EC614634}.Debug|Any CPU.ActiveCfg = Debug|Any CPU
		{6B352DA7-CCB2-4132-BEFD-9F44EC614634}.Debug|Any CPU.Build.0 = Debug|Any CPU
		{6B352DA7-CCB2-4132-BEFD-9F44EC614634}.Release|Any CPU.ActiveCfg = Release|Any CPU
		{6B352DA7-CCB2-4132-BEFD-9F44EC614634}.Release|Any CPU.Build.0 = Release|Any CPU
		{BD593398-F60B-486E-8F5A-2F8586048E76}.Debug|Any CPU.ActiveCfg = Debug|Any CPU
		{BD593398-F60B-486E-8F5A-2F8586048E76}.Debug|Any CPU.Build.0 = Debug|Any CPU
		{BD593398-F60B-486E-8F5A-2F8586048E76}.Release|Any CPU.ActiveCfg = Release|Any CPU
		{BD593398-F60B-486E-8F5A-2F8586048E76}.Release|Any CPU.Build.0 = Release|Any CPU
		{F0C14A0E-2C99-48C7-92A6-6991B5CC505B}.Debug|Any CPU.ActiveCfg = Debug|Any CPU
		{F0C14A0E-2C99-48C7-92A6-6991B5CC505B}.Debug|Any CPU.Build.0 = Debug|Any CPU
		{F0C14A0E-2C99-48C7-92A6-6991B5CC505B}.Release|Any CPU.ActiveCfg = Release|Any CPU
		{F0C14A0E-2C99-48C7-92A6-6991B5CC505B}.Release|Any CPU.Build.0 = Release|Any CPU
		{F4B66720-0EAD-4094-98D9-0F76A0B8508D}.Debug|Any CPU.ActiveCfg = Debug|Any CPU
		{F4B66720-0EAD-4094-98D9-0F76A0B8508D}.Debug|Any CPU.Build.0 = Debug|Any CPU
		{F4B66720-0EAD-4094-98D9-0F76A0B8508D}.Release|Any CPU.ActiveCfg = Release|Any CPU
		{F4B66720-0EAD-4094-98D9-0F76A0B8508D}.Release|Any CPU.Build.0 = Release|Any CPU
		{70E58155-13FF-4A03-B3F1-A9A5ABCE19DF}.Debug|Any CPU.ActiveCfg = Debug|Any CPU
		{70E58155-13FF-4A03-B3F1-A9A5ABCE19DF}.Debug|Any CPU.Build.0 = Debug|Any CPU
		{70E58155-13FF-4A03-B3F1-A9A5ABCE19DF}.Release|Any CPU.ActiveCfg = Release|Any CPU
		{70E58155-13FF-4A03-B3F1-A9A5ABCE19DF}.Release|Any CPU.Build.0 = Release|Any CPU
		{3ED8D3A9-72BD-47C1-84A9-4EBB08648B92}.Debug|Any CPU.ActiveCfg = Debug|Any CPU
		{3ED8D3A9-72BD-47C1-84A9-4EBB08648B92}.Debug|Any CPU.Build.0 = Debug|Any CPU
		{3ED8D3A9-72BD-47C1-84A9-4EBB08648B92}.Release|Any CPU.ActiveCfg = Release|Any CPU
		{3ED8D3A9-72BD-47C1-84A9-4EBB08648B92}.Release|Any CPU.Build.0 = Release|Any CPU
	EndGlobalSection
	GlobalSection(SolutionProperties) = preSolution
		HideSolutionNode = FALSE
	EndGlobalSection
	GlobalSection(NestedProjects) = preSolution
		{7BDFDF0A-96E2-44B3-A94F-569DAEB64ECE} = {D88E6D70-8712-4EAB-9B9D-B7406CDF43F9}
		{F00979DA-7E8F-4967-8E2D-7FC3D25F2135} = {D88E6D70-8712-4EAB-9B9D-B7406CDF43F9}
		{AF49C378-22B0-4CD9-A1B9-382140C9F0D9} = {D88E6D70-8712-4EAB-9B9D-B7406CDF43F9}
		{936ACF08-89DB-4F2D-A6C4-321DDD1648AC} = {D88E6D70-8712-4EAB-9B9D-B7406CDF43F9}
		{2408588C-4FE3-4DED-81A1-E6C9C9174CA6} = {D88E6D70-8712-4EAB-9B9D-B7406CDF43F9}
		{9B10DB65-127C-48C2-B3D0-CAD24CA04824} = {D88E6D70-8712-4EAB-9B9D-B7406CDF43F9}
		{887AA15D-F92D-4E11-80BB-ADC37E2E3769} = {D88E6D70-8712-4EAB-9B9D-B7406CDF43F9}
	EndGlobalSection
EndGlobal
